
Microsoft Visual Studio Solution File, Format Version 12.00
# Visual Studio Version 16
VisualStudioVersion = 16.0.30320.27
MinimumVisualStudioVersion = 10.0.40219.1
Project("{FAE04EC0-301F-11D3-BF4B-00C04F79EFBC}") = "PhoneBook.Web", "PhoneBook.Web\PhoneBook.Web.csproj", "{C1D98839-7020-4D70-8DFC-46DE410DFFAE}"
EndProject
Global
	GlobalSection(SolutionConfigurationPlatforms) = preSolution
		Debug|Any CPU = Debug|Any CPU
		Release|Any CPU = Release|Any CPU
	EndGlobalSection
	GlobalSection(ProjectConfigurationPlatforms) = postSolution
		{C1D98839-7020-4D70-8DFC-46DE410DFFAE}.Debug|Any CPU.ActiveCfg = Debug|Any CPU
		{C1D98839-7020-4D70-8DFC-46DE410DFFAE}.Debug|Any CPU.Build.0 = Debug|Any CPU
		{C1D98839-7020-4D70-8DFC-46DE410DFFAE}.Release|Any CPU.ActiveCfg = Release|Any CPU
		{C1D98839-7020-4D70-8DFC-46DE410DFFAE}.Release|Any CPU.Build.0 = Release|Any CPU
	EndGlobalSection
	GlobalSection(SolutionProperties) = preSolution
		HideSolutionNode = FALSE
	EndGlobalSection
	GlobalSection(ExtensibilityGlobals) = postSolution
		SolutionGuid = {FC3E64DA-587F-4D3D-AA79-056213E1A0E5}
	EndGlobalSection
EndGlobal
